
Microsoft Visual Studio Solution File, Format Version 12.00
# Visual Studio Version 17
VisualStudioVersion = 17.2.32602.215
MinimumVisualStudioVersion = 10.0.40219.1
Project("{FAE04EC0-301F-11D3-BF4B-00C04F79EFBC}") = "JiraReportTestHarness", "JiraReportTestHarness\JiraReportTestHarness.csproj", "{AE63FC50-377B-41EC-BA6F-2FB717D02444}"
EndProject
Global
	GlobalSection(SolutionConfigurationPlatforms) = preSolution
		Debug|Any CPU = Debug|Any CPU
		Release|Any CPU = Release|Any CPU
	EndGlobalSection
	GlobalSection(ProjectConfigurationPlatforms) = postSolution
		{AE63FC50-377B-41EC-BA6F-2FB717D02444}.Debug|Any CPU.ActiveCfg = Debug|Any CPU
		{AE63FC50-377B-41EC-BA6F-2FB717D02444}.Debug|Any CPU.Build.0 = Debug|Any CPU
		{AE63FC50-377B-41EC-BA6F-2FB717D02444}.Release|Any CPU.ActiveCfg = Release|Any CPU
		{AE63FC50-377B-41EC-BA6F-2FB717D02444}.Release|Any CPU.Build.0 = Release|Any CPU
	EndGlobalSection
	GlobalSection(SolutionProperties) = preSolution
		HideSolutionNode = FALSE
	EndGlobalSection
	GlobalSection(ExtensibilityGlobals) = postSolution
		SolutionGuid = {49B0EDBB-70C8-4154-8E04-129157486F05}
	EndGlobalSection
EndGlobal
